
Microsoft Visual Studio Solution File, Format Version 12.00
# Visual Studio Version 16
VisualStudioVersion = 16.0.29123.88
MinimumVisualStudioVersion = 10.0.40219.1
Project("{FAE04EC0-301F-11D3-BF4B-00C04F79EFBC}") = "Exponent Method", "Exponent Method\Exponent Method.csproj", "{60E35E91-CA3E-4D03-A047-EADF1335945F}"
EndProject
Global
	GlobalSection(SolutionConfigurationPlatforms) = preSolution
		Debug|Any CPU = Debug|Any CPU
		Release|Any CPU = Release|Any CPU
	EndGlobalSection
	GlobalSection(ProjectConfigurationPlatforms) = postSolution
		{60E35E91-CA3E-4D03-A047-EADF1335945F}.Debug|Any CPU.ActiveCfg = Debug|Any CPU
		{60E35E91-CA3E-4D03-A047-EADF1335945F}.Debug|Any CPU.Build.0 = Debug|Any CPU
		{60E35E91-CA3E-4D03-A047-EADF1335945F}.Release|Any CPU.ActiveCfg = Release|Any CPU
		{60E35E91-CA3E-4D03-A047-EADF1335945F}.Release|Any CPU.Build.0 = Release|Any CPU
	EndGlobalSection
	GlobalSection(SolutionProperties) = preSolution
		HideSolutionNode = FALSE
	EndGlobalSection
	GlobalSection(ExtensibilityGlobals) = postSolution
		SolutionGuid = {3709B591-D703-4D23-9B64-6F8CEDF2D6D4}
	EndGlobalSection
EndGlobal
